
Microsoft Visual Studio Solution File, Format Version 12.00
# Visual Studio Version 17
VisualStudioVersion = 17.5.33502.453
MinimumVisualStudioVersion = 10.0.40219.1
Project("{FAE04EC0-301F-11D3-BF4B-00C04F79EFBC}") = "HospitalSystem", "HospitalSystem\HospitalSystem.csproj", "{3FB062DC-44E2-4FDC-80DE-71436BCAE0BA}"
EndProject
Global
	GlobalSection(SolutionConfigurationPlatforms) = preSolution
		Debug|Any CPU = Debug|Any CPU
		Release|Any CPU = Release|Any CPU
	EndGlobalSection
	GlobalSection(ProjectConfigurationPlatforms) = postSolution
		{3FB062DC-44E2-4FDC-80DE-71436BCAE0BA}.Debug|Any CPU.ActiveCfg = Debug|Any CPU
		{3FB062DC-44E2-4FDC-80DE-71436BCAE0BA}.Debug|Any CPU.Build.0 = Debug|Any CPU
		{3FB062DC-44E2-4FDC-80DE-71436BCAE0BA}.Release|Any CPU.ActiveCfg = Release|Any CPU
		{3FB062DC-44E2-4FDC-80DE-71436BCAE0BA}.Release|Any CPU.Build.0 = Release|Any CPU
	EndGlobalSection
	GlobalSection(SolutionProperties) = preSolution
		HideSolutionNode = FALSE
	EndGlobalSection
	GlobalSection(ExtensibilityGlobals) = postSolution
		SolutionGuid = {217B272F-23F6-479A-A0AA-5919E66362BC}
	EndGlobalSection
EndGlobal
